
Microsoft Visual Studio Solution File, Format Version 12.00
# Visual Studio Version 17
VisualStudioVersion = 17.4.33110.190
MinimumVisualStudioVersion = 10.0.40219.1
Project("{9A19103F-16F7-4668-BE54-9A1E7A4F7556}") = "GarminLiveTrack.Web", "GarminLiveTrack.Web\GarminLiveTrack.Web.csproj", "{260DDDB2-1C19-40E2-A2C4-DEDA202B4E6A}"
EndProject
Project("{FAE04EC0-301F-11D3-BF4B-00C04F79EFBC}") = "GarminLiveTrack.UnitTests", "GarminLiveTrack.UnitTests\GarminLiveTrack.UnitTests.csproj", "{F5698237-A5DB-4ED2-B248-7DB9976582E8}"
EndProject
Global
	GlobalSection(SolutionConfigurationPlatforms) = preSolution
		Debug|Any CPU = Debug|Any CPU
		Release|Any CPU = Release|Any CPU
	EndGlobalSection
	GlobalSection(ProjectConfigurationPlatforms) = postSolution
		{260DDDB2-1C19-40E2-A2C4-DEDA202B4E6A}.Debug|Any CPU.ActiveCfg = Debug|Any CPU
		{260DDDB2-1C19-40E2-A2C4-DEDA202B4E6A}.Debug|Any CPU.Build.0 = Debug|Any CPU
		{260DDDB2-1C19-40E2-A2C4-DEDA202B4E6A}.Release|Any CPU.ActiveCfg = Release|Any CPU
		{260DDDB2-1C19-40E2-A2C4-DEDA202B4E6A}.Release|Any CPU.Build.0 = Release|Any CPU
		{F5698237-A5DB-4ED2-B248-7DB9976582E8}.Debug|Any CPU.ActiveCfg = Debug|Any CPU
		{F5698237-A5DB-4ED2-B248-7DB9976582E8}.Debug|Any CPU.Build.0 = Debug|Any CPU
		{F5698237-A5DB-4ED2-B248-7DB9976582E8}.Release|Any CPU.ActiveCfg = Release|Any CPU
		{F5698237-A5DB-4ED2-B248-7DB9976582E8}.Release|Any CPU.Build.0 = Release|Any CPU
	EndGlobalSection
	GlobalSection(SolutionProperties) = preSolution
		HideSolutionNode = FALSE
	EndGlobalSection
	GlobalSection(ExtensibilityGlobals) = postSolution
		SolutionGuid = {256EC9C2-08DC-4B35-B23E-493625C4D175}
	EndGlobalSection
EndGlobal
